
Microsoft Visual Studio Solution File, Format Version 12.00
# Visual Studio Version 16
VisualStudioVersion = 16.0.34114.132
MinimumVisualStudioVersion = 10.0.40219.1
Project("{FAE04EC0-301F-11D3-BF4B-00C04F79EFBC}") = "De_02", "De_02\De_02.csproj", "{675EFCCB-0AFE-4210-B8D0-830C2BD7CC91}"
EndProject
Global
	GlobalSection(SolutionConfigurationPlatforms) = preSolution
		Debug|Any CPU = Debug|Any CPU
		Release|Any CPU = Release|Any CPU
	EndGlobalSection
	GlobalSection(ProjectConfigurationPlatforms) = postSolution
		{675EFCCB-0AFE-4210-B8D0-830C2BD7CC91}.Debug|Any CPU.ActiveCfg = Debug|Any CPU
		{675EFCCB-0AFE-4210-B8D0-830C2BD7CC91}.Debug|Any CPU.Build.0 = Debug|Any CPU
		{675EFCCB-0AFE-4210-B8D0-830C2BD7CC91}.Release|Any CPU.ActiveCfg = Release|Any CPU
		{675EFCCB-0AFE-4210-B8D0-830C2BD7CC91}.Release|Any CPU.Build.0 = Release|Any CPU
	EndGlobalSection
	GlobalSection(SolutionProperties) = preSolution
		HideSolutionNode = FALSE
	EndGlobalSection
	GlobalSection(ExtensibilityGlobals) = postSolution
		SolutionGuid = {6A96410D-4EC5-46C9-9836-886DF3675DF7}
	EndGlobalSection
EndGlobal
